
Microsoft Visual Studio Solution File, Format Version 12.00
# Visual Studio Version 17
VisualStudioVersion = 17.7.34202.233
MinimumVisualStudioVersion = 10.0.40219.1
Project("{FAE04EC0-301F-11D3-BF4B-00C04F79EFBC}") = "Bystroschot", "Bystroschot\Bystroschot.csproj", "{5F96451C-A2C0-46EB-AFEB-4CEC6DAFA436}"
EndProject
Global
	GlobalSection(SolutionConfigurationPlatforms) = preSolution
		Debug|Any CPU = Debug|Any CPU
		Release|Any CPU = Release|Any CPU
	EndGlobalSection
	GlobalSection(ProjectConfigurationPlatforms) = postSolution
		{5F96451C-A2C0-46EB-AFEB-4CEC6DAFA436}.Debug|Any CPU.ActiveCfg = Debug|Any CPU
		{5F96451C-A2C0-46EB-AFEB-4CEC6DAFA436}.Debug|Any CPU.Build.0 = Debug|Any CPU
		{5F96451C-A2C0-46EB-AFEB-4CEC6DAFA436}.Release|Any CPU.ActiveCfg = Release|Any CPU
		{5F96451C-A2C0-46EB-AFEB-4CEC6DAFA436}.Release|Any CPU.Build.0 = Release|Any CPU
	EndGlobalSection
	GlobalSection(SolutionProperties) = preSolution
		HideSolutionNode = FALSE
	EndGlobalSection
	GlobalSection(ExtensibilityGlobals) = postSolution
		SolutionGuid = {211FB830-1A62-4B49-9370-D5FB50056E6E}
	EndGlobalSection
EndGlobal
